
Microsoft Visual Studio Solution File, Format Version 12.00
# Visual Studio Version 16
VisualStudioVersion = 16.0.29324.140
MinimumVisualStudioVersion = 10.0.40219.1
Project("{FAE04EC0-301F-11D3-BF4B-00C04F79EFBC}") = "myConsoleAppSourceCode", "myConsoleAppSourceCode.csproj", "{6204CB44-6747-4D3E-8635-C90E29DD1EC4}"
EndProject
Project("{FAE04EC0-301F-11D3-BF4B-00C04F79EFBC}") = "UnitTestProject2", "..\UnitTestProject2\UnitTestProject2.csproj", "{37407782-4AE0-4092-9405-CF28A21B8292}"
EndProject
Global
	GlobalSection(SolutionConfigurationPlatforms) = preSolution
		Debug|Any CPU = Debug|Any CPU
		Release|Any CPU = Release|Any CPU
	EndGlobalSection
	GlobalSection(ProjectConfigurationPlatforms) = postSolution
		{6204CB44-6747-4D3E-8635-C90E29DD1EC4}.Debug|Any CPU.ActiveCfg = Debug|Any CPU
		{6204CB44-6747-4D3E-8635-C90E29DD1EC4}.Debug|Any CPU.Build.0 = Debug|Any CPU
		{6204CB44-6747-4D3E-8635-C90E29DD1EC4}.Release|Any CPU.ActiveCfg = Release|Any CPU
		{6204CB44-6747-4D3E-8635-C90E29DD1EC4}.Release|Any CPU.Build.0 = Release|Any CPU
		{37407782-4AE0-4092-9405-CF28A21B8292}.Debug|Any CPU.ActiveCfg = Debug|Any CPU
		{37407782-4AE0-4092-9405-CF28A21B8292}.Debug|Any CPU.Build.0 = Debug|Any CPU
		{37407782-4AE0-4092-9405-CF28A21B8292}.Release|Any CPU.ActiveCfg = Release|Any CPU
		{37407782-4AE0-4092-9405-CF28A21B8292}.Release|Any CPU.Build.0 = Release|Any CPU
	EndGlobalSection
	GlobalSection(SolutionProperties) = preSolution
		HideSolutionNode = FALSE
	EndGlobalSection
	GlobalSection(ExtensibilityGlobals) = postSolution
		SolutionGuid = {4C470381-5BD5-4340-850F-808368C5ADAE}
	EndGlobalSection
EndGlobal
